
Microsoft Visual Studio Solution File, Format Version 12.00
# Visual Studio Version 17
VisualStudioVersion = 17.4.33205.214
MinimumVisualStudioVersion = 10.0.40219.1
Project("{9A19103F-16F7-4668-BE54-9A1E7A4F7556}") = "EAVFW.Extensions.DigitalSigning", "src\EAVFW.Extensions.DigitalSigning\EAVFW.Extensions.DigitalSigning.csproj", "{1694113F-D011-4A14-AE3B-0CA3DF0E8608}"
EndProject
Project("{9A19103F-16F7-4668-BE54-9A1E7A4F7556}") = "EAVFW.Extensions.DigitalSigning.DocuSign", "src\EAVFW.Extensions.DigitalSigning.DocuSign\EAVFW.Extensions.DigitalSigning.DocuSign.csproj", "{ED0C3DB9-C88D-4A6B-B38B-F22C40C5FDA2}"
EndProject
Project("{2150E333-8FDC-42A3-9474-1A3956D46DE8}") = "Solution Items", "Solution Items", "{A8C9BC4B-5364-4BF5-928A-6CD9B65CD29A}"
	ProjectSection(SolutionItems) = preProject
		Directory.Build.props = Directory.Build.props
		README.md = README.md
	EndProjectSection
EndProject
Project("{2150E333-8FDC-42A3-9474-1A3956D46DE8}") = ".github", ".github", "{73F1CEC8-8EF6-467B-AB96-694F9093DDD7}"
	ProjectSection(SolutionItems) = preProject
		.github\dependabot.yml = .github\dependabot.yml
	EndProjectSection
EndProject
Project("{2150E333-8FDC-42A3-9474-1A3956D46DE8}") = "workflows", "workflows", "{8DAE0AD4-1956-49FE-B2D8-E713FEFB9750}"
	ProjectSection(SolutionItems) = preProject
		.github\workflows\.releaserc = .github\workflows\.releaserc
		.github\workflows\build.yml = .github\workflows\build.yml
		.github\workflows\release.yml = .github\workflows\release.yml
		.github\workflows\todo.yml = .github\workflows\todo.yml
	EndProjectSection
EndProject
Global
	GlobalSection(SolutionConfigurationPlatforms) = preSolution
		Debug|Any CPU = Debug|Any CPU
		Release|Any CPU = Release|Any CPU
	EndGlobalSection
	GlobalSection(ProjectConfigurationPlatforms) = postSolution
		{1694113F-D011-4A14-AE3B-0CA3DF0E8608}.Debug|Any CPU.ActiveCfg = Debug|Any CPU
		{1694113F-D011-4A14-AE3B-0CA3DF0E8608}.Debug|Any CPU.Build.0 = Debug|Any CPU
		{1694113F-D011-4A14-AE3B-0CA3DF0E8608}.Release|Any CPU.ActiveCfg = Release|Any CPU
		{1694113F-D011-4A14-AE3B-0CA3DF0E8608}.Release|Any CPU.Build.0 = Release|Any CPU
		{ED0C3DB9-C88D-4A6B-B38B-F22C40C5FDA2}.Debug|Any CPU.ActiveCfg = Debug|Any CPU
		{ED0C3DB9-C88D-4A6B-B38B-F22C40C5FDA2}.Debug|Any CPU.Build.0 = Debug|Any CPU
		{ED0C3DB9-C88D-4A6B-B38B-F22C40C5FDA2}.Release|Any CPU.ActiveCfg = Release|Any CPU
		{ED0C3DB9-C88D-4A6B-B38B-F22C40C5FDA2}.Release|Any CPU.Build.0 = Release|Any CPU
	EndGlobalSection
	GlobalSection(SolutionProperties) = preSolution
		HideSolutionNode = FALSE
	EndGlobalSection
	GlobalSection(NestedProjects) = preSolution
		{8DAE0AD4-1956-49FE-B2D8-E713FEFB9750} = {73F1CEC8-8EF6-467B-AB96-694F9093DDD7}
	EndGlobalSection
	GlobalSection(ExtensibilityGlobals) = postSolution
		SolutionGuid = {1E7D1498-09D5-4340-ACF2-3D37142C8DD2}
	EndGlobalSection
EndGlobal
